
Microsoft Visual Studio Solution File, Format Version 12.00
# Visual Studio Version 16
VisualStudioVersion = 16.0.30621.155
MinimumVisualStudioVersion = 10.0.40219.1
Project("{FAE04EC0-301F-11D3-BF4B-00C04F79EFBC}") = "Project_1", "Q\Project_1.csproj", "{D0F67B8B-0667-4F81-88B3-B8E00E8EA4D8}"
EndProject
Global
	GlobalSection(SolutionConfigurationPlatforms) = preSolution
		Debug|Any CPU = Debug|Any CPU
		Release|Any CPU = Release|Any CPU
	EndGlobalSection
	GlobalSection(ProjectConfigurationPlatforms) = postSolution
		{D0F67B8B-0667-4F81-88B3-B8E00E8EA4D8}.Debug|Any CPU.ActiveCfg = Debug|Any CPU
		{D0F67B8B-0667-4F81-88B3-B8E00E8EA4D8}.Debug|Any CPU.Build.0 = Debug|Any CPU
		{D0F67B8B-0667-4F81-88B3-B8E00E8EA4D8}.Release|Any CPU.ActiveCfg = Release|Any CPU
		{D0F67B8B-0667-4F81-88B3-B8E00E8EA4D8}.Release|Any CPU.Build.0 = Release|Any CPU
	EndGlobalSection
	GlobalSection(SolutionProperties) = preSolution
		HideSolutionNode = FALSE
	EndGlobalSection
	GlobalSection(ExtensibilityGlobals) = postSolution
		SolutionGuid = {2AB97DBE-DCCC-46C8-B615-AE404029A5D1}
	EndGlobalSection
EndGlobal
