
Microsoft Visual Studio Solution File, Format Version 12.00
# Visual Studio Version 16
VisualStudioVersion = 16.0.30204.135
MinimumVisualStudioVersion = 10.0.40219.1
Project("{FAE04EC0-301F-11D3-BF4B-00C04F79EFBC}") = "DZ_25_01_2021", "DZ_25_01_2021\DZ_25_01_2021.csproj", "{AAFF4552-72DA-4410-A166-5ECAC0C8C64F}"
EndProject
Global
	GlobalSection(SolutionConfigurationPlatforms) = preSolution
		Debug|Any CPU = Debug|Any CPU
		Release|Any CPU = Release|Any CPU
	EndGlobalSection
	GlobalSection(ProjectConfigurationPlatforms) = postSolution
		{AAFF4552-72DA-4410-A166-5ECAC0C8C64F}.Debug|Any CPU.ActiveCfg = Debug|Any CPU
		{AAFF4552-72DA-4410-A166-5ECAC0C8C64F}.Debug|Any CPU.Build.0 = Debug|Any CPU
		{AAFF4552-72DA-4410-A166-5ECAC0C8C64F}.Release|Any CPU.ActiveCfg = Release|Any CPU
		{AAFF4552-72DA-4410-A166-5ECAC0C8C64F}.Release|Any CPU.Build.0 = Release|Any CPU
	EndGlobalSection
	GlobalSection(SolutionProperties) = preSolution
		HideSolutionNode = FALSE
	EndGlobalSection
	GlobalSection(ExtensibilityGlobals) = postSolution
		SolutionGuid = {35989780-0E8D-4F73-8E37-B01B4A627666}
	EndGlobalSection
EndGlobal
